
Microsoft Visual Studio Solution File, Format Version 12.00
# Visual Studio Version 17
VisualStudioVersion = 17.1.31903.286
MinimumVisualStudioVersion = 10.0.40219.1
Project("{FAE04EC0-301F-11D3-BF4B-00C04F79EFBC}") = "Area51", "Area51\Area51.csproj", "{5DE5AA58-5051-485E-A165-14F8624D5A1C}"
EndProject
Global
	GlobalSection(SolutionConfigurationPlatforms) = preSolution
		Debug|Any CPU = Debug|Any CPU
		Release|Any CPU = Release|Any CPU
	EndGlobalSection
	GlobalSection(ProjectConfigurationPlatforms) = postSolution
		{5DE5AA58-5051-485E-A165-14F8624D5A1C}.Debug|Any CPU.ActiveCfg = Debug|Any CPU
		{5DE5AA58-5051-485E-A165-14F8624D5A1C}.Debug|Any CPU.Build.0 = Debug|Any CPU
		{5DE5AA58-5051-485E-A165-14F8624D5A1C}.Release|Any CPU.ActiveCfg = Release|Any CPU
		{5DE5AA58-5051-485E-A165-14F8624D5A1C}.Release|Any CPU.Build.0 = Release|Any CPU
	EndGlobalSection
	GlobalSection(SolutionProperties) = preSolution
		HideSolutionNode = FALSE
	EndGlobalSection
	GlobalSection(ExtensibilityGlobals) = postSolution
		SolutionGuid = {6BF4E9A1-30D6-4BA3-A2E5-9397C77F2CE5}
	EndGlobalSection
EndGlobal
